
Microsoft Visual Studio Solution File, Format Version 12.00
# Visual Studio Version 17
VisualStudioVersion = 17.3.32901.215
MinimumVisualStudioVersion = 15.0.26124.0
Project("{9A19103F-16F7-4668-BE54-9A1E7A4F7556}") = "User-service", "aspnetapp\User-service.csproj", "{5FDCC1ED-9F59-47ED-969D-5E463CDD8D52}"
EndProject
Project("{2150E333-8FDC-42A3-9474-1A3956D46DE8}") = "Solution Items", "Solution Items", "{1E1C7ABA-885A-4273-811E-B66AD28F9A87}"
	ProjectSection(SolutionItems) = preProject
		.dockerignore = .dockerignore
		docker-compose.yml = docker-compose.yml
		LICENSE.txt = LICENSE.txt
		README.md = README.md
	EndProjectSection
EndProject
Project("{9A19103F-16F7-4668-BE54-9A1E7A4F7556}") = "ServiceStub", "ServiceStub\ServiceStub.csproj", "{6504D8B3-AE15-46B9-B360-4DDC82111DA8}"
EndProject
Project("{9A19103F-16F7-4668-BE54-9A1E7A4F7556}") = "IdentityJwt", "WebApp1\IdentityJwt.csproj", "{B19E1320-8976-45E4-800B-E84F9D7FC5CF}"
EndProject
Project("{9A19103F-16F7-4668-BE54-9A1E7A4F7556}") = "Course-service", "Course-service\Course-service.csproj", "{8D3B237E-DEF6-4495-9464-F52A77B6625F}"
EndProject
Project("{9A19103F-16F7-4668-BE54-9A1E7A4F7556}") = "NotificationService", "NotificationService\NotificationService.csproj", "{2F3D488B-068B-4FFC-851A-29A24F95DCDA}"
EndProject
Project("{9A19103F-16F7-4668-BE54-9A1E7A4F7556}") = "ReportService", "ReportService\ReportService.csproj", "{3821A99A-E0C1-42D0-A7CD-17D0D346F870}"
EndProject
Project("{9A19103F-16F7-4668-BE54-9A1E7A4F7556}") = "SharedModels", "SharedModels\SharedModels.csproj", "{D64D1387-3A94-4C12-A56C-E1B9344CB8DA}"
EndProject
Project("{2150E333-8FDC-42A3-9474-1A3956D46DE8}") = "mssql", "mssql", "{05C38F47-8445-48FF-B866-81A1AA252FBE}"
	ProjectSection(SolutionItems) = preProject
		mssql\Dockerfile = mssql\Dockerfile
		mssql\entrypoint.sh = mssql\entrypoint.sh
		mssql\initialization.sh = mssql\initialization.sh
		mssql\seedingDbInDocker.sql = mssql\seedingDbInDocker.sql
	EndProjectSection
EndProject
Project("{2150E333-8FDC-42A3-9474-1A3956D46DE8}") = "rabbitmq", "rabbitmq", "{D76DF42E-3504-490B-BD6B-2040F682E177}"
	ProjectSection(SolutionItems) = preProject
		rabbitmq\Dockerfile = rabbitmq\Dockerfile
	EndProjectSection
EndProject
Project("{FAE04EC0-301F-11D3-BF4B-00C04F79EFBC}") = "cs_fdn", "cs_fdn\cs_fdn.csproj", "{4AF35DB8-9A05-44DF-B5A4-44E68E2A22AD}"
EndProject
Project("{FAE04EC0-301F-11D3-BF4B-00C04F79EFBC}") = "cs_repoPattern", "Queries\cs_repoPattern.csproj", "{D1776DED-C59A-4F8A-8C31-96EAE15BDF5A}"
EndProject
Global
	GlobalSection(SolutionConfigurationPlatforms) = preSolution
		Debug|Any CPU = Debug|Any CPU
		Debug|x64 = Debug|x64
		Debug|x86 = Debug|x86
		Release|Any CPU = Release|Any CPU
		Release|x64 = Release|x64
		Release|x86 = Release|x86
	EndGlobalSection
	GlobalSection(ProjectConfigurationPlatforms) = postSolution
		{5FDCC1ED-9F59-47ED-969D-5E463CDD8D52}.Debug|Any CPU.ActiveCfg = Debug|Any CPU
		{5FDCC1ED-9F59-47ED-969D-5E463CDD8D52}.Debug|Any CPU.Build.0 = Debug|Any CPU
		{5FDCC1ED-9F59-47ED-969D-5E463CDD8D52}.Debug|x64.ActiveCfg = Debug|Any CPU
		{5FDCC1ED-9F59-47ED-969D-5E463CDD8D52}.Debug|x64.Build.0 = Debug|Any CPU
		{5FDCC1ED-9F59-47ED-969D-5E463CDD8D52}.Debug|x86.ActiveCfg = Debug|Any CPU
		{5FDCC1ED-9F59-47ED-969D-5E463CDD8D52}.Debug|x86.Build.0 = Debug|Any CPU
		{5FDCC1ED-9F59-47ED-969D-5E463CDD8D52}.Release|Any CPU.ActiveCfg = Release|Any CPU
		{5FDCC1ED-9F59-47ED-969D-5E463CDD8D52}.Release|Any CPU.Build.0 = Release|Any CPU
		{5FDCC1ED-9F59-47ED-969D-5E463CDD8D52}.Release|x64.ActiveCfg = Release|Any CPU
		{5FDCC1ED-9F59-47ED-969D-5E463CDD8D52}.Release|x64.Build.0 = Release|Any CPU
		{5FDCC1ED-9F59-47ED-969D-5E463CDD8D52}.Release|x86.ActiveCfg = Release|Any CPU
		{5FDCC1ED-9F59-47ED-969D-5E463CDD8D52}.Release|x86.Build.0 = Release|Any CPU
		{6504D8B3-AE15-46B9-B360-4DDC82111DA8}.Debug|Any CPU.ActiveCfg = Debug|Any CPU
		{6504D8B3-AE15-46B9-B360-4DDC82111DA8}.Debug|Any CPU.Build.0 = Debug|Any CPU
		{6504D8B3-AE15-46B9-B360-4DDC82111DA8}.Debug|x64.ActiveCfg = Debug|Any CPU
		{6504D8B3-AE15-46B9-B360-4DDC82111DA8}.Debug|x64.Build.0 = Debug|Any CPU
		{6504D8B3-AE15-46B9-B360-4DDC82111DA8}.Debug|x86.ActiveCfg = Debug|Any CPU
		{6504D8B3-AE15-46B9-B360-4DDC82111DA8}.Debug|x86.Build.0 = Debug|Any CPU
		{6504D8B3-AE15-46B9-B360-4DDC82111DA8}.Release|Any CPU.ActiveCfg = Release|Any CPU
		{6504D8B3-AE15-46B9-B360-4DDC82111DA8}.Release|Any CPU.Build.0 = Release|Any CPU
		{6504D8B3-AE15-46B9-B360-4DDC82111DA8}.Release|x64.ActiveCfg = Release|Any CPU
		{6504D8B3-AE15-46B9-B360-4DDC82111DA8}.Release|x64.Build.0 = Release|Any CPU
		{6504D8B3-AE15-46B9-B360-4DDC82111DA8}.Release|x86.ActiveCfg = Release|Any CPU
		{6504D8B3-AE15-46B9-B360-4DDC82111DA8}.Release|x86.Build.0 = Release|Any CPU
		{B19E1320-8976-45E4-800B-E84F9D7FC5CF}.Debug|Any CPU.ActiveCfg = Debug|Any CPU
		{B19E1320-8976-45E4-800B-E84F9D7FC5CF}.Debug|Any CPU.Build.0 = Debug|Any CPU
		{B19E1320-8976-45E4-800B-E84F9D7FC5CF}.Debug|x64.ActiveCfg = Debug|Any CPU
		{B19E1320-8976-45E4-800B-E84F9D7FC5CF}.Debug|x64.Build.0 = Debug|Any CPU
		{B19E1320-8976-45E4-800B-E84F9D7FC5CF}.Debug|x86.ActiveCfg = Debug|Any CPU
		{B19E1320-8976-45E4-800B-E84F9D7FC5CF}.Debug|x86.Build.0 = Debug|Any CPU
		{B19E1320-8976-45E4-800B-E84F9D7FC5CF}.Release|Any CPU.ActiveCfg = Release|Any CPU
		{B19E1320-8976-45E4-800B-E84F9D7FC5CF}.Release|Any CPU.Build.0 = Release|Any CPU
		{B19E1320-8976-45E4-800B-E84F9D7FC5CF}.Release|x64.ActiveCfg = Release|Any CPU
		{B19E1320-8976-45E4-800B-E84F9D7FC5CF}.Release|x64.Build.0 = Release|Any CPU
		{B19E1320-8976-45E4-800B-E84F9D7FC5CF}.Release|x86.ActiveCfg = Release|Any CPU
		{B19E1320-8976-45E4-800B-E84F9D7FC5CF}.Release|x86.Build.0 = Release|Any CPU
		{8D3B237E-DEF6-4495-9464-F52A77B6625F}.Debug|Any CPU.ActiveCfg = Debug|Any CPU
		{8D3B237E-DEF6-4495-9464-F52A77B6625F}.Debug|Any CPU.Build.0 = Debug|Any CPU
		{8D3B237E-DEF6-4495-9464-F52A77B6625F}.Debug|x64.ActiveCfg = Debug|Any CPU
		{8D3B237E-DEF6-4495-9464-F52A77B6625F}.Debug|x64.Build.0 = Debug|Any CPU
		{8D3B237E-DEF6-4495-9464-F52A77B6625F}.Debug|x86.ActiveCfg = Debug|Any CPU
		{8D3B237E-DEF6-4495-9464-F52A77B6625F}.Debug|x86.Build.0 = Debug|Any CPU
		{8D3B237E-DEF6-4495-9464-F52A77B6625F}.Release|Any CPU.ActiveCfg = Release|Any CPU
		{8D3B237E-DEF6-4495-9464-F52A77B6625F}.Release|Any CPU.Build.0 = Release|Any CPU
		{8D3B237E-DEF6-4495-9464-F52A77B6625F}.Release|x64.ActiveCfg = Release|Any CPU
		{8D3B237E-DEF6-4495-9464-F52A77B6625F}.Release|x64.Build.0 = Release|Any CPU
		{8D3B237E-DEF6-4495-9464-F52A77B6625F}.Release|x86.ActiveCfg = Release|Any CPU
		{8D3B237E-DEF6-4495-9464-F52A77B6625F}.Release|x86.Build.0 = Release|Any CPU
		{2F3D488B-068B-4FFC-851A-29A24F95DCDA}.Debug|Any CPU.ActiveCfg = Debug|Any CPU
		{2F3D488B-068B-4FFC-851A-29A24F95DCDA}.Debug|Any CPU.Build.0 = Debug|Any CPU
		{2F3D488B-068B-4FFC-851A-29A24F95DCDA}.Debug|x64.ActiveCfg = Debug|Any CPU
		{2F3D488B-068B-4FFC-851A-29A24F95DCDA}.Debug|x64.Build.0 = Debug|Any CPU
		{2F3D488B-068B-4FFC-851A-29A24F95DCDA}.Debug|x86.ActiveCfg = Debug|Any CPU
		{2F3D488B-068B-4FFC-851A-29A24F95DCDA}.Debug|x86.Build.0 = Debug|Any CPU
		{2F3D488B-068B-4FFC-851A-29A24F95DCDA}.Release|Any CPU.ActiveCfg = Release|Any CPU
		{2F3D488B-068B-4FFC-851A-29A24F95DCDA}.Release|Any CPU.Build.0 = Release|Any CPU
		{2F3D488B-068B-4FFC-851A-29A24F95DCDA}.Release|x64.ActiveCfg = Release|Any CPU
		{2F3D488B-068B-4FFC-851A-29A24F95DCDA}.Release|x64.Build.0 = Release|Any CPU
		{2F3D488B-068B-4FFC-851A-29A24F95DCDA}.Release|x86.ActiveCfg = Release|Any CPU
		{2F3D488B-068B-4FFC-851A-29A24F95DCDA}.Release|x86.Build.0 = Release|Any CPU
		{3821A99A-E0C1-42D0-A7CD-17D0D346F870}.Debug|Any CPU.ActiveCfg = Debug|Any CPU
		{3821A99A-E0C1-42D0-A7CD-17D0D346F870}.Debug|Any CPU.Build.0 = Debug|Any CPU
		{3821A99A-E0C1-42D0-A7CD-17D0D346F870}.Debug|x64.ActiveCfg = Debug|Any CPU
		{3821A99A-E0C1-42D0-A7CD-17D0D346F870}.Debug|x64.Build.0 = Debug|Any CPU
		{3821A99A-E0C1-42D0-A7CD-17D0D346F870}.Debug|x86.ActiveCfg = Debug|Any CPU
		{3821A99A-E0C1-42D0-A7CD-17D0D346F870}.Debug|x86.Build.0 = Debug|Any CPU
		{3821A99A-E0C1-42D0-A7CD-17D0D346F870}.Release|Any CPU.ActiveCfg = Release|Any CPU
		{3821A99A-E0C1-42D0-A7CD-17D0D346F870}.Release|Any CPU.Build.0 = Release|Any CPU
		{3821A99A-E0C1-42D0-A7CD-17D0D346F870}.Release|x64.ActiveCfg = Release|Any CPU
		{3821A99A-E0C1-42D0-A7CD-17D0D346F870}.Release|x64.Build.0 = Release|Any CPU
		{3821A99A-E0C1-42D0-A7CD-17D0D346F870}.Release|x86.ActiveCfg = Release|Any CPU
		{3821A99A-E0C1-42D0-A7CD-17D0D346F870}.Release|x86.Build.0 = Release|Any CPU
		{D64D1387-3A94-4C12-A56C-E1B9344CB8DA}.Debug|Any CPU.ActiveCfg = Debug|Any CPU
		{D64D1387-3A94-4C12-A56C-E1B9344CB8DA}.Debug|Any CPU.Build.0 = Debug|Any CPU
		{D64D1387-3A94-4C12-A56C-E1B9344CB8DA}.Debug|x64.ActiveCfg = Debug|Any CPU
		{D64D1387-3A94-4C12-A56C-E1B9344CB8DA}.Debug|x64.Build.0 = Debug|Any CPU
		{D64D1387-3A94-4C12-A56C-E1B9344CB8DA}.Debug|x86.ActiveCfg = Debug|Any CPU
		{D64D1387-3A94-4C12-A56C-E1B9344CB8DA}.Debug|x86.Build.0 = Debug|Any CPU
		{D64D1387-3A94-4C12-A56C-E1B9344CB8DA}.Release|Any CPU.ActiveCfg = Release|Any CPU
		{D64D1387-3A94-4C12-A56C-E1B9344CB8DA}.Release|Any CPU.Build.0 = Release|Any CPU
		{D64D1387-3A94-4C12-A56C-E1B9344CB8DA}.Release|x64.ActiveCfg = Release|Any CPU
		{D64D1387-3A94-4C12-A56C-E1B9344CB8DA}.Release|x64.Build.0 = Release|Any CPU
		{D64D1387-3A94-4C12-A56C-E1B9344CB8DA}.Release|x86.ActiveCfg = Release|Any CPU
		{D64D1387-3A94-4C12-A56C-E1B9344CB8DA}.Release|x86.Build.0 = Release|Any CPU
		{4AF35DB8-9A05-44DF-B5A4-44E68E2A22AD}.Debug|Any CPU.ActiveCfg = Debug|Any CPU
		{4AF35DB8-9A05-44DF-B5A4-44E68E2A22AD}.Debug|Any CPU.Build.0 = Debug|Any CPU
		{4AF35DB8-9A05-44DF-B5A4-44E68E2A22AD}.Debug|x64.ActiveCfg = Debug|Any CPU
		{4AF35DB8-9A05-44DF-B5A4-44E68E2A22AD}.Debug|x64.Build.0 = Debug|Any CPU
		{4AF35DB8-9A05-44DF-B5A4-44E68E2A22AD}.Debug|x86.ActiveCfg = Debug|Any CPU
		{4AF35DB8-9A05-44DF-B5A4-44E68E2A22AD}.Debug|x86.Build.0 = Debug|Any CPU
		{4AF35DB8-9A05-44DF-B5A4-44E68E2A22AD}.Release|Any CPU.ActiveCfg = Release|Any CPU
		{4AF35DB8-9A05-44DF-B5A4-44E68E2A22AD}.Release|Any CPU.Build.0 = Release|Any CPU
		{4AF35DB8-9A05-44DF-B5A4-44E68E2A22AD}.Release|x64.ActiveCfg = Release|Any CPU
		{4AF35DB8-9A05-44DF-B5A4-44E68E2A22AD}.Release|x64.Build.0 = Release|Any CPU
		{4AF35DB8-9A05-44DF-B5A4-44E68E2A22AD}.Release|x86.ActiveCfg = Release|Any CPU
		{4AF35DB8-9A05-44DF-B5A4-44E68E2A22AD}.Release|x86.Build.0 = Release|Any CPU
		{D1776DED-C59A-4F8A-8C31-96EAE15BDF5A}.Debug|Any CPU.ActiveCfg = Debug|Any CPU
		{D1776DED-C59A-4F8A-8C31-96EAE15BDF5A}.Debug|Any CPU.Build.0 = Debug|Any CPU
		{D1776DED-C59A-4F8A-8C31-96EAE15BDF5A}.Debug|x64.ActiveCfg = Debug|Any CPU
		{D1776DED-C59A-4F8A-8C31-96EAE15BDF5A}.Debug|x64.Build.0 = Debug|Any CPU
		{D1776DED-C59A-4F8A-8C31-96EAE15BDF5A}.Debug|x86.ActiveCfg = Debug|Any CPU
		{D1776DED-C59A-4F8A-8C31-96EAE15BDF5A}.Debug|x86.Build.0 = Debug|Any CPU
		{D1776DED-C59A-4F8A-8C31-96EAE15BDF5A}.Release|Any CPU.ActiveCfg = Release|Any CPU
		{D1776DED-C59A-4F8A-8C31-96EAE15BDF5A}.Release|Any CPU.Build.0 = Release|Any CPU
		{D1776DED-C59A-4F8A-8C31-96EAE15BDF5A}.Release|x64.ActiveCfg = Release|Any CPU
		{D1776DED-C59A-4F8A-8C31-96EAE15BDF5A}.Release|x64.Build.0 = Release|Any CPU
		{D1776DED-C59A-4F8A-8C31-96EAE15BDF5A}.Release|x86.ActiveCfg = Release|Any CPU
		{D1776DED-C59A-4F8A-8C31-96EAE15BDF5A}.Release|x86.Build.0 = Release|Any CPU
	EndGlobalSection
	GlobalSection(SolutionProperties) = preSolution
		HideSolutionNode = FALSE
	EndGlobalSection
	GlobalSection(NestedProjects) = preSolution
		{05C38F47-8445-48FF-B866-81A1AA252FBE} = {1E1C7ABA-885A-4273-811E-B66AD28F9A87}
		{D76DF42E-3504-490B-BD6B-2040F682E177} = {1E1C7ABA-885A-4273-811E-B66AD28F9A87}
	EndGlobalSection
	GlobalSection(ExtensibilityGlobals) = postSolution
		SolutionGuid = {C9A7C5A2-5C90-4AD9-ABB8-6F2D2364D5AF}
	EndGlobalSection
EndGlobal
